// !$*UTF8*$!
{
	archiveVersion = 1;
	classes = {
	};
	objectVersion = 56;
	objects = {

/* Begin PBXBuildFile section */
		4A295C8F2B3DEBF200D37810 /* SortedOptions.swift in Sources */ = {isa = PBXBuildFile; fileRef = 4A295C8E2B3DEBF200D37810 /* SortedOptions.swift */; };
		4A4142EF2B34BFEE000DA882 /* Model.swift in Sources */ = {isa = PBXBuildFile; fileRef = 4A4142EE2B34BFEE000DA882 /* Model.swift */; };
		4A4142F12B34C2EF000DA882 /* MangaVM.swift in Sources */ = {isa = PBXBuildFile; fileRef = 4A4142F02B34C2EF000DA882 /* MangaVM.swift */; };
		4A4142F32B34CB7E000DA882 /* testMangas.json in Resources */ = {isa = PBXBuildFile; fileRef = 4A4142F22B34CB7E000DA882 /* testMangas.json */; };
		4A4142F52B34CB8B000DA882 /* DataTest.swift in Sources */ = {isa = PBXBuildFile; fileRef = 4A4142F42B34CB8B000DA882 /* DataTest.swift */; };
		4A46D98A2B37524400729288 /* MangaCircleScoreView.swift in Sources */ = {isa = PBXBuildFile; fileRef = 4A46D9892B37524400729288 /* MangaCircleScoreView.swift */; };
		4A46D98C2B3755A900729288 /* MangaCellListView.swift in Sources */ = {isa = PBXBuildFile; fileRef = 4A46D98B2B3755A900729288 /* MangaCellListView.swift */; };
		4A46D98E2B3756E200729288 /* MangaDetailView.swift in Sources */ = {isa = PBXBuildFile; fileRef = 4A46D98D2B3756E200729288 /* MangaDetailView.swift */; };
		4A46D9912B37591600729288 /* MangaPictureView.swift in Sources */ = {isa = PBXBuildFile; fileRef = 4A46D9902B37591600729288 /* MangaPictureView.swift */; };
		4A65F8F52B349B40007B6865 /* Presentation.swift in Sources */ = {isa = PBXBuildFile; fileRef = 4A65F8F42B349B40007B6865 /* Presentation.swift */; };
		4A7329C92B5707AF0056B16E /* MangaCellGridView.swift in Sources */ = {isa = PBXBuildFile; fileRef = 4A7329C82B5707AF0056B16E /* MangaCellGridView.swift */; };
		4A7329CB2B5708BF0056B16E /* MangasGridView.swift in Sources */ = {isa = PBXBuildFile; fileRef = 4A7329CA2B5708BF0056B16E /* MangasGridView.swift */; };
		4A8D02D22B38990A007413E5 /* MangasTabView.swift in Sources */ = {isa = PBXBuildFile; fileRef = 4A8D02D12B38990A007413E5 /* MangasTabView.swift */; };
		4A8D02D42B389A11007413E5 /* MangasCollectionViewNOseUSA.swift in Sources */ = {isa = PBXBuildFile; fileRef = 4A8D02D32B389A10007413E5 /* MangasCollectionViewNOseUSA.swift */; };
		4A9242BD2B321DE900CF07F7 /* MyMangasApp.swift in Sources */ = {isa = PBXBuildFile; fileRef = 4A9242BC2B321DE900CF07F7 /* MyMangasApp.swift */; };
		4A9242BF2B321DE900CF07F7 /* MangasListView.swift in Sources */ = {isa = PBXBuildFile; fileRef = 4A9242BE2B321DE900CF07F7 /* MangasListView.swift */; };
		4A9242C12B321DEB00CF07F7 /* Assets.xcassets in Resources */ = {isa = PBXBuildFile; fileRef = 4A9242C02B321DEB00CF07F7 /* Assets.xcassets */; };
		4A9242C42B321DEB00CF07F7 /* Preview Assets.xcassets in Resources */ = {isa = PBXBuildFile; fileRef = 4A9242C32B321DEB00CF07F7 /* Preview Assets.xcassets */; };
		4A9242CF2B32209300CF07F7 /* URL.swift in Sources */ = {isa = PBXBuildFile; fileRef = 4A9242CE2B32209300CF07F7 /* URL.swift */; };
		4A9242D12B3221B200CF07F7 /* URLRequest.swift in Sources */ = {isa = PBXBuildFile; fileRef = 4A9242D02B3221B200CF07F7 /* URLRequest.swift */; };
		4A9242D32B32239E00CF07F7 /* URLSesion.swift in Sources */ = {isa = PBXBuildFile; fileRef = 4A9242D22B32239E00CF07F7 /* URLSesion.swift */; };
		4A9242D52B32245700CF07F7 /* NetworkError.swift in Sources */ = {isa = PBXBuildFile; fileRef = 4A9242D42B32245700CF07F7 /* NetworkError.swift */; };
		4A9242DA2B3225F700CF07F7 /* DateFormatterExtension.swift in Sources */ = {isa = PBXBuildFile; fileRef = 4A9242D92B3225F700CF07F7 /* DateFormatterExtension.swift */; };
		4A9242DE2B3226A000CF07F7 /* NetworkInteractor.swift in Sources */ = {isa = PBXBuildFile; fileRef = 4A9242DD2B3226A000CF07F7 /* NetworkInteractor.swift */; };
		4A9242E22B3228ED00CF07F7 /* DTOManga.swift in Sources */ = {isa = PBXBuildFile; fileRef = 4A9242E12B3228ED00CF07F7 /* DTOManga.swift */; };
		4AE448572B4FEEE1001B07DB /* AddMangaCollection.swift in Sources */ = {isa = PBXBuildFile; fileRef = 4AE448562B4FEEE1001B07DB /* AddMangaCollection.swift */; };
		4AE448592B4FF122001B07DB /* MultiSelectionView.swift in Sources */ = {isa = PBXBuildFile; fileRef = 4AE448582B4FF122001B07DB /* MultiSelectionView.swift */; };
		4AE4485B2B500CCE001B07DB /* MangaEditVM.swift in Sources */ = {isa = PBXBuildFile; fileRef = 4AE4485A2B500CCE001B07DB /* MangaEditVM.swift */; };
		4AEC46672B59B64800F6A351 /* mangacollection.json in Resources */ = {isa = PBXBuildFile; fileRef = 4AEC46662B59B64800F6A351 /* mangacollection.json */; };
		4AF818AD2B51F3F0007AFE92 /* DataInteractor.swift in Sources */ = {isa = PBXBuildFile; fileRef = 4AF818AC2B51F3F0007AFE92 /* DataInteractor.swift */; };
		4AFB69B72B65474000E43AFC /* UpdateMangaCollection.swift in Sources */ = {isa = PBXBuildFile; fileRef = 4AFB69B62B65474000E43AFC /* UpdateMangaCollection.swift */; };
/* End PBXBuildFile section */

/* Begin PBXFileReference section */
		4A295C8E2B3DEBF200D37810 /* SortedOptions.swift */ = {isa = PBXFileReference; lastKnownFileType = sourcecode.swift; path = SortedOptions.swift; sourceTree = "<group>"; };
		4A4142EE2B34BFEE000DA882 /* Model.swift */ = {isa = PBXFileReference; lastKnownFileType = sourcecode.swift; path = Model.swift; sourceTree = "<group>"; };
		4A4142F02B34C2EF000DA882 /* MangaVM.swift */ = {isa = PBXFileReference; lastKnownFileType = sourcecode.swift; path = MangaVM.swift; sourceTree = "<group>"; };
		4A4142F22B34CB7E000DA882 /* testMangas.json */ = {isa = PBXFileReference; fileEncoding = 4; lastKnownFileType = text.json; path = testMangas.json; sourceTree = "<group>"; };
		4A4142F42B34CB8B000DA882 /* DataTest.swift */ = {isa = PBXFileReference; lastKnownFileType = sourcecode.swift; path = DataTest.swift; sourceTree = "<group>"; };
		4A46D9892B37524400729288 /* MangaCircleScoreView.swift */ = {isa = PBXFileReference; lastKnownFileType = sourcecode.swift; path = MangaCircleScoreView.swift; sourceTree = "<group>"; };
		4A46D98B2B3755A900729288 /* MangaCellListView.swift */ = {isa = PBXFileReference; lastKnownFileType = sourcecode.swift; path = MangaCellListView.swift; sourceTree = "<group>"; };
		4A46D98D2B3756E200729288 /* MangaDetailView.swift */ = {isa = PBXFileReference; lastKnownFileType = sourcecode.swift; path = MangaDetailView.swift; sourceTree = "<group>"; };
		4A46D9902B37591600729288 /* MangaPictureView.swift */ = {isa = PBXFileReference; lastKnownFileType = sourcecode.swift; path = MangaPictureView.swift; sourceTree = "<group>"; };
		4A65F8F42B349B40007B6865 /* Presentation.swift */ = {isa = PBXFileReference; lastKnownFileType = sourcecode.swift; path = Presentation.swift; sourceTree = "<group>"; };
		4A7329C82B5707AF0056B16E /* MangaCellGridView.swift */ = {isa = PBXFileReference; lastKnownFileType = sourcecode.swift; path = MangaCellGridView.swift; sourceTree = "<group>"; };
		4A7329CA2B5708BF0056B16E /* MangasGridView.swift */ = {isa = PBXFileReference; lastKnownFileType = sourcecode.swift; path = MangasGridView.swift; sourceTree = "<group>"; };
		4A8D02D12B38990A007413E5 /* MangasTabView.swift */ = {isa = PBXFileReference; lastKnownFileType = sourcecode.swift; path = MangasTabView.swift; sourceTree = "<group>"; };
		4A8D02D32B389A10007413E5 /* MangasCollectionViewNOseUSA.swift */ = {isa = PBXFileReference; lastKnownFileType = sourcecode.swift; path = MangasCollectionViewNOseUSA.swift; sourceTree = "<group>"; };
		4A9242B92B321DE900CF07F7 /* MyMangas.app */ = {isa = PBXFileReference; explicitFileType = wrapper.application; includeInIndex = 0; path = MyMangas.app; sourceTree = BUILT_PRODUCTS_DIR; };
		4A9242BC2B321DE900CF07F7 /* MyMangasApp.swift */ = {isa = PBXFileReference; lastKnownFileType = sourcecode.swift; path = MyMangasApp.swift; sourceTree = "<group>"; };
		4A9242BE2B321DE900CF07F7 /* MangasListView.swift */ = {isa = PBXFileReference; lastKnownFileType = sourcecode.swift; path = MangasListView.swift; sourceTree = "<group>"; };
		4A9242C02B321DEB00CF07F7 /* Assets.xcassets */ = {isa = PBXFileReference; lastKnownFileType = folder.assetcatalog; path = Assets.xcassets; sourceTree = "<group>"; };
		4A9242C32B321DEB00CF07F7 /* Preview Assets.xcassets */ = {isa = PBXFileReference; lastKnownFileType = folder.assetcatalog; path = "Preview Assets.xcassets"; sourceTree = "<group>"; };
		4A9242CE2B32209300CF07F7 /* URL.swift */ = {isa = PBXFileReference; lastKnownFileType = sourcecode.swift; path = URL.swift; sourceTree = "<group>"; };
		4A9242D02B3221B200CF07F7 /* URLRequest.swift */ = {isa = PBXFileReference; lastKnownFileType = sourcecode.swift; path = URLRequest.swift; sourceTree = "<group>"; };
		4A9242D22B32239E00CF07F7 /* URLSesion.swift */ = {isa = PBXFileReference; lastKnownFileType = sourcecode.swift; path = URLSesion.swift; sourceTree = "<group>"; };
		4A9242D42B32245700CF07F7 /* NetworkError.swift */ = {isa = PBXFileReference; lastKnownFileType = sourcecode.swift; path = NetworkError.swift; sourceTree = "<group>"; };
		4A9242D92B3225F700CF07F7 /* DateFormatterExtension.swift */ = {isa = PBXFileReference; lastKnownFileType = sourcecode.swift; path = DateFormatterExtension.swift; sourceTree = "<group>"; };
		4A9242DD2B3226A000CF07F7 /* NetworkInteractor.swift */ = {isa = PBXFileReference; lastKnownFileType = sourcecode.swift; path = NetworkInteractor.swift; sourceTree = "<group>"; };
		4A9242E12B3228ED00CF07F7 /* DTOManga.swift */ = {isa = PBXFileReference; lastKnownFileType = sourcecode.swift; path = DTOManga.swift; sourceTree = "<group>"; };
		4AE448562B4FEEE1001B07DB /* AddMangaCollection.swift */ = {isa = PBXFileReference; lastKnownFileType = sourcecode.swift; path = AddMangaCollection.swift; sourceTree = "<group>"; };
		4AE448582B4FF122001B07DB /* MultiSelectionView.swift */ = {isa = PBXFileReference; lastKnownFileType = sourcecode.swift; path = MultiSelectionView.swift; sourceTree = "<group>"; };
		4AE4485A2B500CCE001B07DB /* MangaEditVM.swift */ = {isa = PBXFileReference; lastKnownFileType = sourcecode.swift; path = MangaEditVM.swift; sourceTree = "<group>"; };
		4AEC46662B59B64800F6A351 /* mangacollection.json */ = {isa = PBXFileReference; fileEncoding = 4; lastKnownFileType = text.json; path = mangacollection.json; sourceTree = "<group>"; };
		4AF818AC2B51F3F0007AFE92 /* DataInteractor.swift */ = {isa = PBXFileReference; lastKnownFileType = sourcecode.swift; path = DataInteractor.swift; sourceTree = "<group>"; };
		4AFB69B62B65474000E43AFC /* UpdateMangaCollection.swift */ = {isa = PBXFileReference; lastKnownFileType = sourcecode.swift; path = UpdateMangaCollection.swift; sourceTree = "<group>"; };
/* End PBXFileReference section */

/* Begin PBXFrameworksBuildPhase section */
		4A9242B62B321DE900CF07F7 /* Frameworks */ = {
			isa = PBXFrameworksBuildPhase;
			buildActionMask = 2147483647;
			files = (
			);
			runOnlyForDeploymentPostprocessing = 0;
		};
/* End PBXFrameworksBuildPhase section */

/* Begin PBXGroup section */
		4A46D9882B37521A00729288 /* ViewComponents */ = {
			isa = PBXGroup;
			children = (
				4A7329C82B5707AF0056B16E /* MangaCellGridView.swift */,
				4A46D98B2B3755A900729288 /* MangaCellListView.swift */,
				4A46D9892B37524400729288 /* MangaCircleScoreView.swift */,
				4A46D9902B37591600729288 /* MangaPictureView.swift */,
				4A295C8E2B3DEBF200D37810 /* SortedOptions.swift */,
				4AE448582B4FF122001B07DB /* MultiSelectionView.swift */,
			);
			name = ViewComponents;
			sourceTree = "<group>";
		};
		4A46D98F2B3758DA00729288 /* Views */ = {
			isa = PBXGroup;
			children = (
				4A9242BE2B321DE900CF07F7 /* MangasListView.swift */,
				4A7329CA2B5708BF0056B16E /* MangasGridView.swift */,
				4A8D02D12B38990A007413E5 /* MangasTabView.swift */,
				4A8D02D32B389A10007413E5 /* MangasCollectionViewNOseUSA.swift */,
				4A46D98D2B3756E200729288 /* MangaDetailView.swift */,
				4AE448562B4FEEE1001B07DB /* AddMangaCollection.swift */,
				4AFB69B62B65474000E43AFC /* UpdateMangaCollection.swift */,
			);
			name = Views;
			sourceTree = "<group>";
		};
		4A9242B02B321DE900CF07F7 = {
			isa = PBXGroup;
			children = (
				4A9242BB2B321DE900CF07F7 /* MyMangas */,
				4A9242BA2B321DE900CF07F7 /* Products */,
			);
			sourceTree = "<group>";
		};
		4A9242BA2B321DE900CF07F7 /* Products */ = {
			isa = PBXGroup;
			children = (
				4A9242B92B321DE900CF07F7 /* MyMangas.app */,
			);
			name = Products;
			sourceTree = "<group>";
		};
		4A9242BB2B321DE900CF07F7 /* MyMangas */ = {
			isa = PBXGroup;
			children = (
				4A9242BC2B321DE900CF07F7 /* MyMangasApp.swift */,
				4A46D98F2B3758DA00729288 /* Views */,
				4A46D9882B37521A00729288 /* ViewComponents */,
				4A9242D82B32259C00CF07F7 /* Helpers */,
				4A9242CD2B321F3200CF07F7 /* ViewModel */,
				4A9242CA2B321F0800CF07F7 /* Interactor */,
				4A9242CB2B321F1200CF07F7 /* Model */,
				4A9242CC2B321F1D00CF07F7 /* Interface */,
				4AEC46632B59A85300F6A351 /* Resources */,
				4A9242C02B321DEB00CF07F7 /* Assets.xcassets */,
				4A9242C22B321DEB00CF07F7 /* Preview Content */,
			);
			path = MyMangas;
			sourceTree = "<group>";
		};
		4A9242C22B321DEB00CF07F7 /* Preview Content */ = {
			isa = PBXGroup;
			children = (
				4A9242C32B321DEB00CF07F7 /* Preview Assets.xcassets */,
				4A4142F22B34CB7E000DA882 /* testMangas.json */,
				4A4142F42B34CB8B000DA882 /* DataTest.swift */,
			);
			path = "Preview Content";
			sourceTree = "<group>";
		};
		4A9242CA2B321F0800CF07F7 /* Interactor */ = {
			isa = PBXGroup;
			children = (
				4A9242DD2B3226A000CF07F7 /* NetworkInteractor.swift */,
				4AF818AC2B51F3F0007AFE92 /* DataInteractor.swift */,
			);
			name = Interactor;
			sourceTree = "<group>";
		};
		4A9242CB2B321F1200CF07F7 /* Model */ = {
			isa = PBXGroup;
			children = (
				4A9242E12B3228ED00CF07F7 /* DTOManga.swift */,
				4A65F8F42B349B40007B6865 /* Presentation.swift */,
				4A4142EE2B34BFEE000DA882 /* Model.swift */,
			);
			name = Model;
			sourceTree = "<group>";
		};
		4A9242CC2B321F1D00CF07F7 /* Interface */ = {
			isa = PBXGroup;
			children = (
				4A9242CE2B32209300CF07F7 /* URL.swift */,
				4A9242D02B3221B200CF07F7 /* URLRequest.swift */,
				4A9242D22B32239E00CF07F7 /* URLSesion.swift */,
				4A9242D42B32245700CF07F7 /* NetworkError.swift */,
			);
			name = Interface;
			sourceTree = "<group>";
		};
		4A9242CD2B321F3200CF07F7 /* ViewModel */ = {
			isa = PBXGroup;
			children = (
				4A4142F02B34C2EF000DA882 /* MangaVM.swift */,
				4AE4485A2B500CCE001B07DB /* MangaEditVM.swift */,
			);
			name = ViewModel;
			sourceTree = "<group>";
		};
		4A9242D82B32259C00CF07F7 /* Helpers */ = {
			isa = PBXGroup;
			children = (
				4A9242D92B3225F700CF07F7 /* DateFormatterExtension.swift */,
			);
			name = Helpers;
			sourceTree = "<group>";
		};
		4AEC46632B59A85300F6A351 /* Resources */ = {
			isa = PBXGroup;
			children = (
				4AEC46662B59B64800F6A351 /* mangacollection.json */,
			);
			name = Resources;
			sourceTree = "<group>";
		};
/* End PBXGroup section */

/* Begin PBXNativeTarget section */
		4A9242B82B321DE900CF07F7 /* MyMangas */ = {
			isa = PBXNativeTarget;
			buildConfigurationList = 4A9242C72B321DEB00CF07F7 /* Build configuration list for PBXNativeTarget "MyMangas" */;
			buildPhases = (
				4A9242B52B321DE900CF07F7 /* Sources */,
				4A9242B62B321DE900CF07F7 /* Frameworks */,
				4A9242B72B321DE900CF07F7 /* Resources */,
			);
			buildRules = (
			);
			dependencies = (
			);
			name = MyMangas;
			productName = MyMangas;
			productReference = 4A9242B92B321DE900CF07F7 /* MyMangas.app */;
			productType = "com.apple.product-type.application";
		};
/* End PBXNativeTarget section */

/* Begin PBXProject section */
		4A9242B12B321DE900CF07F7 /* Project object */ = {
			isa = PBXProject;
			attributes = {
				BuildIndependentTargetsInParallel = 1;
				LastSwiftUpdateCheck = 1500;
				LastUpgradeCheck = 1500;
				TargetAttributes = {
					4A9242B82B321DE900CF07F7 = {
						CreatedOnToolsVersion = 15.0.1;
					};
				};
			};
			buildConfigurationList = 4A9242B42B321DE900CF07F7 /* Build configuration list for PBXProject "MyMangas" */;
			compatibilityVersion = "Xcode 14.0";
			developmentRegion = en;
			hasScannedForEncodings = 0;
			knownRegions = (
				en,
				Base,
			);
			mainGroup = 4A9242B02B321DE900CF07F7;
			productRefGroup = 4A9242BA2B321DE900CF07F7 /* Products */;
			projectDirPath = "";
			projectRoot = "";
			targets = (
				4A9242B82B321DE900CF07F7 /* MyMangas */,
			);
		};
/* End PBXProject section */

/* Begin PBXResourcesBuildPhase section */
		4A9242B72B321DE900CF07F7 /* Resources */ = {
			isa = PBXResourcesBuildPhase;
			buildActionMask = 2147483647;
			files = (
				4AEC46672B59B64800F6A351 /* mangacollection.json in Resources */,
				4A9242C42B321DEB00CF07F7 /* Preview Assets.xcassets in Resources */,
				4A9242C12B321DEB00CF07F7 /* Assets.xcassets in Resources */,
				4A4142F32B34CB7E000DA882 /* testMangas.json in Resources */,
			);
			runOnlyForDeploymentPostprocessing = 0;
		};
/* End PBXResourcesBuildPhase section */

/* Begin PBXSourcesBuildPhase section */
		4A9242B52B321DE900CF07F7 /* Sources */ = {
			isa = PBXSourcesBuildPhase;
			buildActionMask = 2147483647;
			files = (
				4A9242BF2B321DE900CF07F7 /* MangasListView.swift in Sources */,
				4A7329C92B5707AF0056B16E /* MangaCellGridView.swift in Sources */,
				4A9242D32B32239E00CF07F7 /* URLSesion.swift in Sources */,
				4AE4485B2B500CCE001B07DB /* MangaEditVM.swift in Sources */,
				4A46D98E2B3756E200729288 /* MangaDetailView.swift in Sources */,
				4A295C8F2B3DEBF200D37810 /* SortedOptions.swift in Sources */,
				4A8D02D22B38990A007413E5 /* MangasTabView.swift in Sources */,
				4A7329CB2B5708BF0056B16E /* MangasGridView.swift in Sources */,
				4A9242E22B3228ED00CF07F7 /* DTOManga.swift in Sources */,
				4A4142EF2B34BFEE000DA882 /* Model.swift in Sources */,
				4A65F8F52B349B40007B6865 /* Presentation.swift in Sources */,
				4A9242BD2B321DE900CF07F7 /* MyMangasApp.swift in Sources */,
				4A9242DE2B3226A000CF07F7 /* NetworkInteractor.swift in Sources */,
				4A46D9912B37591600729288 /* MangaPictureView.swift in Sources */,
				4AF818AD2B51F3F0007AFE92 /* DataInteractor.swift in Sources */,
				4A8D02D42B389A11007413E5 /* MangasCollectionViewNOseUSA.swift in Sources */,
				4A4142F52B34CB8B000DA882 /* DataTest.swift in Sources */,
				4AE448592B4FF122001B07DB /* MultiSelectionView.swift in Sources */,
				4A46D98A2B37524400729288 /* MangaCircleScoreView.swift in Sources */,
				4AE448572B4FEEE1001B07DB /* AddMangaCollection.swift in Sources */,
				4A9242D52B32245700CF07F7 /* NetworkError.swift in Sources */,
				4A46D98C2B3755A900729288 /* MangaCellListView.swift in Sources */,
				4A4142F12B34C2EF000DA882 /* MangaVM.swift in Sources */,
				4A9242CF2B32209300CF07F7 /* URL.swift in Sources */,
				4AFB69B72B65474000E43AFC /* UpdateMangaCollection.swift in Sources */,
				4A9242D12B3221B200CF07F7 /* URLRequest.swift in Sources */,
				4A9242DA2B3225F700CF07F7 /* DateFormatterExtension.swift in Sources */,
			);
			runOnlyForDeploymentPostprocessing = 0;
		};
/* End PBXSourcesBuildPhase section */

/* Begin XCBuildConfiguration section */
		4A9242C52B321DEB00CF07F7 /* Debug */ = {
			isa = XCBuildConfiguration;
			buildSettings = {
				ALWAYS_SEARCH_USER_PATHS = NO;
				ASSETCATALOG_COMPILER_GENERATE_SWIFT_ASSET_SYMBOL_EXTENSIONS = YES;
				CLANG_ANALYZER_NONNULL = YES;
				CLANG_ANALYZER_NUMBER_OBJECT_CONVERSION = YES_AGGRESSIVE;
				CLANG_CXX_LANGUAGE_STANDARD = "gnu++20";
				CLANG_ENABLE_MODULES = YES;
				CLANG_ENABLE_OBJC_ARC = YES;
				CLANG_ENABLE_OBJC_WEAK = YES;
				CLANG_WARN_BLOCK_CAPTURE_AUTORELEASING = YES;
				CLANG_WARN_BOOL_CONVERSION = YES;
				CLANG_WARN_COMMA = YES;
				CLANG_WARN_CONSTANT_CONVERSION = YES;
				CLANG_WARN_DEPRECATED_OBJC_IMPLEMENTATIONS = YES;
				CLANG_WARN_DIRECT_OBJC_ISA_USAGE = YES_ERROR;
				CLANG_WARN_DOCUMENTATION_COMMENTS = YES;
				CLANG_WARN_EMPTY_BODY = YES;
				CLANG_WARN_ENUM_CONVERSION = YES;
				CLANG_WARN_INFINITE_RECURSION = YES;
				CLANG_WARN_INT_CONVERSION = YES;
				CLANG_WARN_NON_LITERAL_NULL_CONVERSION = YES;
				CLANG_WARN_OBJC_IMPLICIT_RETAIN_SELF = YES;
				CLANG_WARN_OBJC_LITERAL_CONVERSION = YES;
				CLANG_WARN_OBJC_ROOT_CLASS = YES_ERROR;
				CLANG_WARN_QUOTED_INCLUDE_IN_FRAMEWORK_HEADER = YES;
				CLANG_WARN_RANGE_LOOP_ANALYSIS = YES;
				CLANG_WARN_STRICT_PROTOTYPES = YES;
				CLANG_WARN_SUSPICIOUS_MOVE = YES;
				CLANG_WARN_UNGUARDED_AVAILABILITY = YES_AGGRESSIVE;
				CLANG_WARN_UNREACHABLE_CODE = YES;
				CLANG_WARN__DUPLICATE_METHOD_MATCH = YES;
				COPY_PHASE_STRIP = NO;
				DEBUG_INFORMATION_FORMAT = dwarf;
				ENABLE_STRICT_OBJC_MSGSEND = YES;
				ENABLE_TESTABILITY = YES;
				ENABLE_USER_SCRIPT_SANDBOXING = YES;
				GCC_C_LANGUAGE_STANDARD = gnu17;
				GCC_DYNAMIC_NO_PIC = NO;
				GCC_NO_COMMON_BLOCKS = YES;
				GCC_OPTIMIZATION_LEVEL = 0;
				GCC_PREPROCESSOR_DEFINITIONS = (
					"DEBUG=1",
					"$(inherited)",
				);
				GCC_WARN_64_TO_32_BIT_CONVERSION = YES;
				GCC_WARN_ABOUT_RETURN_TYPE = YES_ERROR;
				GCC_WARN_UNDECLARED_SELECTOR = YES;
				GCC_WARN_UNINITIALIZED_AUTOS = YES_AGGRESSIVE;
				GCC_WARN_UNUSED_FUNCTION = YES;
				GCC_WARN_UNUSED_VARIABLE = YES;
				IPHONEOS_DEPLOYMENT_TARGET = 17.0;
				LOCALIZATION_PREFERS_STRING_CATALOGS = YES;
				MTL_ENABLE_DEBUG_INFO = INCLUDE_SOURCE;
				MTL_FAST_MATH = YES;
				ONLY_ACTIVE_ARCH = YES;
				SDKROOT = iphoneos;
				SWIFT_ACTIVE_COMPILATION_CONDITIONS = "DEBUG $(inherited)";
				SWIFT_OPTIMIZATION_LEVEL = "-Onone";
			};
			name = Debug;
		};
		4A9242C62B321DEB00CF07F7 /* Release */ = {
			isa = XCBuildConfiguration;
			buildSettings = {
				ALWAYS_SEARCH_USER_PATHS = NO;
				ASSETCATALOG_COMPILER_GENERATE_SWIFT_ASSET_SYMBOL_EXTENSIONS = YES;
				CLANG_ANALYZER_NONNULL = YES;
				CLANG_ANALYZER_NUMBER_OBJECT_CONVERSION = YES_AGGRESSIVE;
				CLANG_CXX_LANGUAGE_STANDARD = "gnu++20";
				CLANG_ENABLE_MODULES = YES;
				CLANG_ENABLE_OBJC_ARC = YES;
				CLANG_ENABLE_OBJC_WEAK = YES;
				CLANG_WARN_BLOCK_CAPTURE_AUTORELEASING = YES;
				CLANG_WARN_BOOL_CONVERSION = YES;
				CLANG_WARN_COMMA = YES;
				CLANG_WARN_CONSTANT_CONVERSION = YES;
				CLANG_WARN_DEPRECATED_OBJC_IMPLEMENTATIONS = YES;
				CLANG_WARN_DIRECT_OBJC_ISA_USAGE = YES_ERROR;
				CLANG_WARN_DOCUMENTATION_COMMENTS = YES;
				CLANG_WARN_EMPTY_BODY = YES;
				CLANG_WARN_ENUM_CONVERSION = YES;
				CLANG_WARN_INFINITE_RECURSION = YES;
				CLANG_WARN_INT_CONVERSION = YES;
				CLANG_WARN_NON_LITERAL_NULL_CONVERSION = YES;
				CLANG_WARN_OBJC_IMPLICIT_RETAIN_SELF = YES;
				CLANG_WARN_OBJC_LITERAL_CONVERSION = YES;
				CLANG_WARN_OBJC_ROOT_CLASS = YES_ERROR;
				CLANG_WARN_QUOTED_INCLUDE_IN_FRAMEWORK_HEADER = YES;
				CLANG_WARN_RANGE_LOOP_ANALYSIS = YES;
				CLANG_WARN_STRICT_PROTOTYPES = YES;
				CLANG_WARN_SUSPICIOUS_MOVE = YES;
				CLANG_WARN_UNGUARDED_AVAILABILITY = YES_AGGRESSIVE;
				CLANG_WARN_UNREACHABLE_CODE = YES;
				CLANG_WARN__DUPLICATE_METHOD_MATCH = YES;
				COPY_PHASE_STRIP = NO;
				DEBUG_INFORMATION_FORMAT = "dwarf-with-dsym";
				ENABLE_NS_ASSERTIONS = NO;
				ENABLE_STRICT_OBJC_MSGSEND = YES;
				ENABLE_USER_SCRIPT_SANDBOXING = YES;
				GCC_C_LANGUAGE_STANDARD = gnu17;
				GCC_NO_COMMON_BLOCKS = YES;
				GCC_WARN_64_TO_32_BIT_CONVERSION = YES;
				GCC_WARN_ABOUT_RETURN_TYPE = YES_ERROR;
				GCC_WARN_UNDECLARED_SELECTOR = YES;
				GCC_WARN_UNINITIALIZED_AUTOS = YES_AGGRESSIVE;
				GCC_WARN_UNUSED_FUNCTION = YES;
				GCC_WARN_UNUSED_VARIABLE = YES;
				IPHONEOS_DEPLOYMENT_TARGET = 17.0;
				LOCALIZATION_PREFERS_STRING_CATALOGS = YES;
				MTL_ENABLE_DEBUG_INFO = NO;
				MTL_FAST_MATH = YES;
				SDKROOT = iphoneos;
				SWIFT_COMPILATION_MODE = wholemodule;
				VALIDATE_PRODUCT = YES;
			};
			name = Release;
		};
		4A9242C82B321DEB00CF07F7 /* Debug */ = {
			isa = XCBuildConfiguration;
			buildSettings = {
				ASSETCATALOG_COMPILER_APPICON_NAME = AppIcon;
				ASSETCATALOG_COMPILER_GLOBAL_ACCENT_COLOR_NAME = AccentColor;
				CODE_SIGN_STYLE = Automatic;
				CURRENT_PROJECT_VERSION = 1;
				DEVELOPMENT_ASSET_PATHS = "\"MyMangas/Preview Content\"";
				DEVELOPMENT_TEAM = 785WYTBPT2;
				ENABLE_PREVIEWS = YES;
				GENERATE_INFOPLIST_FILE = YES;
				INFOPLIST_KEY_UIApplicationSceneManifest_Generation = YES;
				INFOPLIST_KEY_UIApplicationSupportsIndirectInputEvents = YES;
				INFOPLIST_KEY_UILaunchScreen_Generation = YES;
				INFOPLIST_KEY_UISupportedInterfaceOrientations_iPad = "UIInterfaceOrientationPortrait UIInterfaceOrientationPortraitUpsideDown UIInterfaceOrientationLandscapeLeft UIInterfaceOrientationLandscapeRight";
				INFOPLIST_KEY_UISupportedInterfaceOrientations_iPhone = "UIInterfaceOrientationPortrait UIInterfaceOrientationLandscapeLeft UIInterfaceOrientationLandscapeRight";
				LD_RUNPATH_SEARCH_PATHS = (
					"$(inherited)",
					"@executable_path/Frameworks",
				);
				MARKETING_VERSION = 1.0;
				PRODUCT_BUNDLE_IDENTIFIER = com.luko.MyMangas;
				PRODUCT_NAME = "$(TARGET_NAME)";
				SWIFT_EMIT_LOC_STRINGS = YES;
				SWIFT_VERSION = 5.0;
				TARGETED_DEVICE_FAMILY = "1,2";
			};
			name = Debug;
		};
		4A9242C92B321DEB00CF07F7 /* Release */ = {
			isa = XCBuildConfiguration;
			buildSettings = {
				ASSETCATALOG_COMPILER_APPICON_NAME = AppIcon;
				ASSETCATALOG_COMPILER_GLOBAL_ACCENT_COLOR_NAME = AccentColor;
				CODE_SIGN_STYLE = Automatic;
				CURRENT_PROJECT_VERSION = 1;
				DEVELOPMENT_ASSET_PATHS = "\"MyMangas/Preview Content\"";
				DEVELOPMENT_TEAM = 785WYTBPT2;
				ENABLE_PREVIEWS = YES;
				GENERATE_INFOPLIST_FILE = YES;
				INFOPLIST_KEY_UIApplicationSceneManifest_Generation = YES;
				INFOPLIST_KEY_UIApplicationSupportsIndirectInputEvents = YES;
				INFOPLIST_KEY_UILaunchScreen_Generation = YES;
				INFOPLIST_KEY_UISupportedInterfaceOrientations_iPad = "UIInterfaceOrientationPortrait UIInterfaceOrientationPortraitUpsideDown UIInterfaceOrientationLandscapeLeft UIInterfaceOrientationLandscapeRight";
				INFOPLIST_KEY_UISupportedInterfaceOrientations_iPhone = "UIInterfaceOrientationPortrait UIInterfaceOrientationLandscapeLeft UIInterfaceOrientationLandscapeRight";
				LD_RUNPATH_SEARCH_PATHS = (
					"$(inherited)",
					"@executable_path/Frameworks",
				);
				MARKETING_VERSION = 1.0;
				PRODUCT_BUNDLE_IDENTIFIER = com.luko.MyMangas;
				PRODUCT_NAME = "$(TARGET_NAME)";
				SWIFT_EMIT_LOC_STRINGS = YES;
				SWIFT_VERSION = 5.0;
				TARGETED_DEVICE_FAMILY = "1,2";
			};
			name = Release;
		};
/* End XCBuildConfiguration section */

/* Begin XCConfigurationList section */
		4A9242B42B321DE900CF07F7 /* Build configuration list for PBXProject "MyMangas" */ = {
			isa = XCConfigurationList;
			buildConfigurations = (
				4A9242C52B321DEB00CF07F7 /* Debug */,
				4A9242C62B321DEB00CF07F7 /* Release */,
			);
			defaultConfigurationIsVisible = 0;
			defaultConfigurationName = Release;
		};
		4A9242C72B321DEB00CF07F7 /* Build configuration list for PBXNativeTarget "MyMangas" */ = {
			isa = XCConfigurationList;
			buildConfigurations = (
				4A9242C82B321DEB00CF07F7 /* Debug */,
				4A9242C92B321DEB00CF07F7 /* Release */,
			);
			defaultConfigurationIsVisible = 0;
			defaultConfigurationName = Release;
		};
/* End XCConfigurationList section */
	};
	rootObject = 4A9242B12B321DE900CF07F7 /* Project object */;
}
